
Microsoft Visual Studio Solution File, Format Version 12.00
# Visual Studio Version 17
VisualStudioVersion = 17.5.002.0
MinimumVisualStudioVersion = 10.0.40219.1
Project("{9A19103F-16F7-4668-BE54-9A1E7A4F7556}") = "banko-Jhm20P", "banko-Jhm20P.csproj", "{858BBE0D-CFE3-477F-A640-617C817EA1CF}"
EndProject
Global
	GlobalSection(SolutionConfigurationPlatforms) = preSolution
		Debug|Any CPU = Debug|Any CPU
		Release|Any CPU = Release|Any CPU
	EndGlobalSection
	GlobalSection(ProjectConfigurationPlatforms) = postSolution
		{858BBE0D-CFE3-477F-A640-617C817EA1CF}.Debug|Any CPU.ActiveCfg = Debug|Any CPU
		{858BBE0D-CFE3-477F-A640-617C817EA1CF}.Debug|Any CPU.Build.0 = Debug|Any CPU
		{858BBE0D-CFE3-477F-A640-617C817EA1CF}.Release|Any CPU.ActiveCfg = Release|Any CPU
		{858BBE0D-CFE3-477F-A640-617C817EA1CF}.Release|Any CPU.Build.0 = Release|Any CPU
	EndGlobalSection
	GlobalSection(SolutionProperties) = preSolution
		HideSolutionNode = FALSE
	EndGlobalSection
	GlobalSection(ExtensibilityGlobals) = postSolution
		SolutionGuid = {7F40FB33-565A-4555-9BB8-1AC734E1A2E6}
	EndGlobalSection
EndGlobal
